// !$*UTF8*$!
{
	archiveVersion = 1;
	classes = {
	};
	objectVersion = 50;
	objects = {

/* Begin PBXBuildFile section */
		EC6962C42513EFBF00FED7B2 /* AppDelegate.swift in Sources */ = {isa = PBXBuildFile; fileRef = EC6962C32513EFBF00FED7B2 /* AppDelegate.swift */; };
		EC6962C62513EFBF00FED7B2 /* SceneDelegate.swift in Sources */ = {isa = PBXBuildFile; fileRef = EC6962C52513EFBF00FED7B2 /* SceneDelegate.swift */; };
		EC6962C82513EFBF00FED7B2 /* ViewController.swift in Sources */ = {isa = PBXBuildFile; fileRef = EC6962C72513EFBF00FED7B2 /* ViewController.swift */; };
		EC6962CB2513EFBF00FED7B2 /* Main.storyboard in Resources */ = {isa = PBXBuildFile; fileRef = EC6962C92513EFBF00FED7B2 /* Main.storyboard */; };
		EC6962CD2513EFC000FED7B2 /* Assets.xcassets in Resources */ = {isa = PBXBuildFile; fileRef = EC6962CC2513EFC000FED7B2 /* Assets.xcassets */; };
		EC6962D02513EFC000FED7B2 /* LaunchScreen.storyboard in Resources */ = {isa = PBXBuildFile; fileRef = EC6962CE2513EFC000FED7B2 /* LaunchScreen.storyboard */; };
		EC6962DB2513EFC100FED7B2 /* Tutorial1_Chamariq_EliasTests.swift in Sources */ = {isa = PBXBuildFile; fileRef = EC6962DA2513EFC100FED7B2 /* Tutorial1_Chamariq_EliasTests.swift */; };
		EC6962E62513EFC100FED7B2 /* Tutorial1_Chamariq_EliasUITests.swift in Sources */ = {isa = PBXBuildFile; fileRef = EC6962E52513EFC100FED7B2 /* Tutorial1_Chamariq_EliasUITests.swift */; };
/* End PBXBuildFile section */

/* Begin PBXContainerItemProxy section */
		EC6962D72513EFC100FED7B2 /* PBXContainerItemProxy */ = {
			isa = PBXContainerItemProxy;
			containerPortal = EC6962B82513EFBF00FED7B2 /* Project object */;
			proxyType = 1;
			remoteGlobalIDString = EC6962BF2513EFBF00FED7B2;
			remoteInfo = Tutorial1_Chamariq_Elias;
		};
		EC6962E22513EFC100FED7B2 /* PBXContainerItemProxy */ = {
			isa = PBXContainerItemProxy;
			containerPortal = EC6962B82513EFBF00FED7B2 /* Project object */;
			proxyType = 1;
			remoteGlobalIDString = EC6962BF2513EFBF00FED7B2;
			remoteInfo = Tutorial1_Chamariq_Elias;
		};
/* End PBXContainerItemProxy section */

/* Begin PBXFileReference section */
		EC6962C02513EFBF00FED7B2 /* Tutorial1_Chamariq_Elias.app */ = {isa = PBXFileReference; explicitFileType = wrapper.application; includeInIndex = 0; path = Tutorial1_Chamariq_Elias.app; sourceTree = BUILT_PRODUCTS_DIR; };
		EC6962C32513EFBF00FED7B2 /* AppDelegate.swift */ = {isa = PBXFileReference; lastKnownFileType = sourcecode.swift; path = AppDelegate.swift; sourceTree = "<group>"; };
		EC6962C52513EFBF00FED7B2 /* SceneDelegate.swift */ = {isa = PBXFileReference; lastKnownFileType = sourcecode.swift; path = SceneDelegate.swift; sourceTree = "<group>"; };
		EC6962C72513EFBF00FED7B2 /* ViewController.swift */ = {isa = PBXFileReference; lastKnownFileType = sourcecode.swift; path = ViewController.swift; sourceTree = "<group>"; };
		EC6962CA2513EFBF00FED7B2 /* Base */ = {isa = PBXFileReference; lastKnownFileType = file.storyboard; name = Base; path = Base.lproj/Main.storyboard; sourceTree = "<group>"; };
		EC6962CC2513EFC000FED7B2 /* Assets.xcassets */ = {isa = PBXFileReference; lastKnownFileType = folder.assetcatalog; path = Assets.xcassets; sourceTree = "<group>"; };
		EC6962CF2513EFC000FED7B2 /* Base */ = {isa = PBXFileReference; lastKnownFileType = file.storyboard; name = Base; path = Base.lproj/LaunchScreen.storyboard; sourceTree = "<group>"; };
		EC6962D12513EFC000FED7B2 /* Info.plist */ = {isa = PBXFileReference; lastKnownFileType = text.plist.xml; path = Info.plist; sourceTree = "<group>"; };
		EC6962D62513EFC100FED7B2 /* Tutorial1_Chamariq_EliasTests.xctest */ = {isa = PBXFileReference; explicitFileType = wrapper.cfbundle; includeInIndex = 0; path = Tutorial1_Chamariq_EliasTests.xctest; sourceTree = BUILT_PRODUCTS_DIR; };
		EC6962DA2513EFC100FED7B2 /* Tutorial1_Chamariq_EliasTests.swift */ = {isa = PBXFileReference; lastKnownFileType = sourcecode.swift; path = Tutorial1_Chamariq_EliasTests.swift; sourceTree = "<group>"; };
		EC6962DC2513EFC100FED7B2 /* Info.plist */ = {isa = PBXFileReference; lastKnownFileType = text.plist.xml; path = Info.plist; sourceTree = "<group>"; };
		EC6962E12513EFC100FED7B2 /* Tutorial1_Chamariq_EliasUITests.xctest */ = {isa = PBXFileReference; explicitFileType = wrapper.cfbundle; includeInIndex = 0; path = Tutorial1_Chamariq_EliasUITests.xctest; sourceTree = BUILT_PRODUCTS_DIR; };
		EC6962E52513EFC100FED7B2 /* Tutorial1_Chamariq_EliasUITests.swift */ = {isa = PBXFileReference; lastKnownFileType = sourcecode.swift; path = Tutorial1_Chamariq_EliasUITests.swift; sourceTree = "<group>"; };
		EC6962E72513EFC100FED7B2 /* Info.plist */ = {isa = PBXFileReference; lastKnownFileType = text.plist.xml; path = Info.plist; sourceTree = "<group>"; };
/* End PBXFileReference section */

/* Begin PBXFrameworksBuildPhase section */
		EC6962BD2513EFBF00FED7B2 /* Frameworks */ = {
			isa = PBXFrameworksBuildPhase;
			buildActionMask = 2147483647;
			files = (
			);
			runOnlyForDeploymentPostprocessing = 0;
		};
		EC6962D32513EFC100FED7B2 /* Frameworks */ = {
			isa = PBXFrameworksBuildPhase;
			buildActionMask = 2147483647;
			files = (
			);
			runOnlyForDeploymentPostprocessing = 0;
		};
		EC6962DE2513EFC100FED7B2 /* Frameworks */ = {
			isa = PBXFrameworksBuildPhase;
			buildActionMask = 2147483647;
			files = (
			);
			runOnlyForDeploymentPostprocessing = 0;
		};
/* End PBXFrameworksBuildPhase section */

/* Begin PBXGroup section */
		EC6962B72513EFBF00FED7B2 = {
			isa = PBXGroup;
			children = (
				EC6962C22513EFBF00FED7B2 /* Tutorial1_Chamariq_Elias */,
				EC6962D92513EFC100FED7B2 /* Tutorial1_Chamariq_EliasTests */,
				EC6962E42513EFC100FED7B2 /* Tutorial1_Chamariq_EliasUITests */,
				EC6962C12513EFBF00FED7B2 /* Products */,
			);
			sourceTree = "<group>";
		};
		EC6962C12513EFBF00FED7B2 /* Products */ = {
			isa = PBXGroup;
			children = (
				EC6962C02513EFBF00FED7B2 /* Tutorial1_Chamariq_Elias.app */,
				EC6962D62513EFC100FED7B2 /* Tutorial1_Chamariq_EliasTests.xctest */,
				EC6962E12513EFC100FED7B2 /* Tutorial1_Chamariq_EliasUITests.xctest */,
			);
			name = Products;
			sourceTree = "<group>";
		};
		EC6962C22513EFBF00FED7B2 /* Tutorial1_Chamariq_Elias */ = {
			isa = PBXGroup;
			children = (
				EC6962C32513EFBF00FED7B2 /* AppDelegate.swift */,
				EC6962C52513EFBF00FED7B2 /* SceneDelegate.swift */,
				EC6962C72513EFBF00FED7B2 /* ViewController.swift */,
				EC6962C92513EFBF00FED7B2 /* Main.storyboard */,
				EC6962CC2513EFC000FED7B2 /* Assets.xcassets */,
				EC6962CE2513EFC000FED7B2 /* LaunchScreen.storyboard */,
				EC6962D12513EFC000FED7B2 /* Info.plist */,
			);
			path = Tutorial1_Chamariq_Elias;
			sourceTree = "<group>";
		};
		EC6962D92513EFC100FED7B2 /* Tutorial1_Chamariq_EliasTests */ = {
			isa = PBXGroup;
			children = (
				EC6962DA2513EFC100FED7B2 /* Tutorial1_Chamariq_EliasTests.swift */,
				EC6962DC2513EFC100FED7B2 /* Info.plist */,
			);
			path = Tutorial1_Chamariq_EliasTests;
			sourceTree = "<group>";
		};
		EC6962E42513EFC100FED7B2 /* Tutorial1_Chamariq_EliasUITests */ = {
			isa = PBXGroup;
			children = (
				EC6962E52513EFC100FED7B2 /* Tutorial1_Chamariq_EliasUITests.swift */,
				EC6962E72513EFC100FED7B2 /* Info.plist */,
			);
			path = Tutorial1_Chamariq_EliasUITests;
			sourceTree = "<group>";
		};
/* End PBXGroup section */

/* Begin PBXNativeTarget section */
		EC6962BF2513EFBF00FED7B2 /* Tutorial1_Chamariq_Elias */ = {
			isa = PBXNativeTarget;
			buildConfigurationList = EC6962EA2513EFC100FED7B2 /* Build configuration list for PBXNativeTarget "Tutorial1_Chamariq_Elias" */;
			buildPhases = (
				EC6962BC2513EFBF00FED7B2 /* Sources */,
				EC6962BD2513EFBF00FED7B2 /* Frameworks */,
				EC6962BE2513EFBF00FED7B2 /* Resources */,
			);
			buildRules = (
			);
			dependencies = (
			);
			name = Tutorial1_Chamariq_Elias;
			productName = Tutorial1_Chamariq_Elias;
			productReference = EC6962C02513EFBF00FED7B2 /* Tutorial1_Chamariq_Elias.app */;
			productType = "com.apple.product-type.application";
		};
		EC6962D52513EFC100FED7B2 /* Tutorial1_Chamariq_EliasTests */ = {
			isa = PBXNativeTarget;
			buildConfigurationList = EC6962ED2513EFC100FED7B2 /* Build configuration list for PBXNativeTarget "Tutorial1_Chamariq_EliasTests" */;
			buildPhases = (
				EC6962D22513EFC100FED7B2 /* Sources */,
				EC6962D32513EFC100FED7B2 /* Frameworks */,
				EC6962D42513EFC100FED7B2 /* Resources */,
			);
			buildRules = (
			);
			dependencies = (
				EC6962D82513EFC100FED7B2 /* PBXTargetDependency */,
			);
			name = Tutorial1_Chamariq_EliasTests;
			productName = Tutorial1_Chamariq_EliasTests;
			productReference = EC6962D62513EFC100FED7B2 /* Tutorial1_Chamariq_EliasTests.xctest */;
			productType = "com.apple.product-type.bundle.unit-test";
		};
		EC6962E02513EFC100FED7B2 /* Tutorial1_Chamariq_EliasUITests */ = {
			isa = PBXNativeTarget;
			buildConfigurationList = EC6962F02513EFC100FED7B2 /* Build configuration list for PBXNativeTarget "Tutorial1_Chamariq_EliasUITests" */;
			buildPhases = (
				EC6962DD2513EFC100FED7B2 /* Sources */,
				EC6962DE2513EFC100FED7B2 /* Frameworks */,
				EC6962DF2513EFC100FED7B2 /* Resources */,
			);
			buildRules = (
			);
			dependencies = (
				EC6962E32513EFC100FED7B2 /* PBXTargetDependency */,
			);
			name = Tutorial1_Chamariq_EliasUITests;
			productName = Tutorial1_Chamariq_EliasUITests;
			productReference = EC6962E12513EFC100FED7B2 /* Tutorial1_Chamariq_EliasUITests.xctest */;
			productType = "com.apple.product-type.bundle.ui-testing";
		};
/* End PBXNativeTarget section */

/* Begin PBXProject section */
		EC6962B82513EFBF00FED7B2 /* Project object */ = {
			isa = PBXProject;
			attributes = {
				LastSwiftUpdateCheck = 1170;
				LastUpgradeCheck = 1170;
				ORGANIZATIONNAME = "Elias Chamariq";
				TargetAttributes = {
					EC6962BF2513EFBF00FED7B2 = {
						CreatedOnToolsVersion = 11.7;
					};
					EC6962D52513EFC100FED7B2 = {
						CreatedOnToolsVersion = 11.7;
						TestTargetID = EC6962BF2513EFBF00FED7B2;
					};
					EC6962E02513EFC100FED7B2 = {
						CreatedOnToolsVersion = 11.7;
						TestTargetID = EC6962BF2513EFBF00FED7B2;
					};
				};
			};
			buildConfigurationList = EC6962BB2513EFBF00FED7B2 /* Build configuration list for PBXProject "Tutorial1_Chamariq_Elias" */;
			compatibilityVersion = "Xcode 9.3";
			developmentRegion = en;
			hasScannedForEncodings = 0;
			knownRegions = (
				en,
				Base,
			);
			mainGroup = EC6962B72513EFBF00FED7B2;
			productRefGroup = EC6962C12513EFBF00FED7B2 /* Products */;
			projectDirPath = "";
			projectRoot = "";
			targets = (
				EC6962BF2513EFBF00FED7B2 /* Tutorial1_Chamariq_Elias */,
				EC6962D52513EFC100FED7B2 /* Tutorial1_Chamariq_EliasTests */,
				EC6962E02513EFC100FED7B2 /* Tutorial1_Chamariq_EliasUITests */,
			);
		};
/* End PBXProject section */

/* Begin PBXResourcesBuildPhase section */
		EC6962BE2513EFBF00FED7B2 /* Resources */ = {
			isa = PBXResourcesBuildPhase;
			buildActionMask = 2147483647;
			files = (
				EC6962D02513EFC000FED7B2 /* LaunchScreen.storyboard in Resources */,
				EC6962CD2513EFC000FED7B2 /* Assets.xcassets in Resources */,
				EC6962CB2513EFBF00FED7B2 /* Main.storyboard in Resources */,
			);
			runOnlyForDeploymentPostprocessing = 0;
		};
		EC6962D42513EFC100FED7B2 /* Resources */ = {
			isa = PBXResourcesBuildPhase;
			buildActionMask = 2147483647;
			files = (
			);
			runOnlyForDeploymentPostprocessing = 0;
		};
		EC6962DF2513EFC100FED7B2 /* Resources */ = {
			isa = PBXResourcesBuildPhase;
			buildActionMask = 2147483647;
			files = (
			);
			runOnlyForDeploymentPostprocessing = 0;
		};
/* End PBXResourcesBuildPhase section */

/* Begin PBXSourcesBuildPhase section */
		EC6962BC2513EFBF00FED7B2 /* Sources */ = {
			isa = PBXSourcesBuildPhase;
			buildActionMask = 2147483647;
			files = (
				EC6962C82513EFBF00FED7B2 /* ViewController.swift in Sources */,
				EC6962C42513EFBF00FED7B2 /* AppDelegate.swift in Sources */,
				EC6962C62513EFBF00FED7B2 /* SceneDelegate.swift in Sources */,
			);
			runOnlyForDeploymentPostprocessing = 0;
		};
		EC6962D22513EFC100FED7B2 /* Sources */ = {
			isa = PBXSourcesBuildPhase;
			buildActionMask = 2147483647;
			files = (
				EC6962DB2513EFC100FED7B2 /* Tutorial1_Chamariq_EliasTests.swift in Sources */,
			);
			runOnlyForDeploymentPostprocessing = 0;
		};
		EC6962DD2513EFC100FED7B2 /* Sources */ = {
			isa = PBXSourcesBuildPhase;
			buildActionMask = 2147483647;
			files = (
				EC6962E62513EFC100FED7B2 /* Tutorial1_Chamariq_EliasUITests.swift in Sources */,
			);
			runOnlyForDeploymentPostprocessing = 0;
		};
/* End PBXSourcesBuildPhase section */

/* Begin PBXTargetDependency section */
		EC6962D82513EFC100FED7B2 /* PBXTargetDependency */ = {
			isa = PBXTargetDependency;
			target = EC6962BF2513EFBF00FED7B2 /* Tutorial1_Chamariq_Elias */;
			targetProxy = EC6962D72513EFC100FED7B2 /* PBXContainerItemProxy */;
		};
		EC6962E32513EFC100FED7B2 /* PBXTargetDependency */ = {
			isa = PBXTargetDependency;
			target = EC6962BF2513EFBF00FED7B2 /* Tutorial1_Chamariq_Elias */;
			targetProxy = EC6962E22513EFC100FED7B2 /* PBXContainerItemProxy */;
		};
/* End PBXTargetDependency section */

/* Begin PBXVariantGroup section */
		EC6962C92513EFBF00FED7B2 /* Main.storyboard */ = {
			isa = PBXVariantGroup;
			children = (
				EC6962CA2513EFBF00FED7B2 /* Base */,
			);
			name = Main.storyboard;
			sourceTree = "<group>";
		};
		EC6962CE2513EFC000FED7B2 /* LaunchScreen.storyboard */ = {
			isa = PBXVariantGroup;
			children = (
				EC6962CF2513EFC000FED7B2 /* Base */,
			);
			name = LaunchScreen.storyboard;
			sourceTree = "<group>";
		};
/* End PBXVariantGroup section */

/* Begin XCBuildConfiguration section */
		EC6962E82513EFC100FED7B2 /* Debug */ = {
			isa = XCBuildConfiguration;
			buildSettings = {
				ALWAYS_SEARCH_USER_PATHS = NO;
				CLANG_ANALYZER_NONNULL = YES;
				CLANG_ANALYZER_NUMBER_OBJECT_CONVERSION = YES_AGGRESSIVE;
				CLANG_CXX_LANGUAGE_STANDARD = "gnu++14";
				CLANG_CXX_LIBRARY = "libc++";
				CLANG_ENABLE_MODULES = YES;
				CLANG_ENABLE_OBJC_ARC = YES;
				CLANG_ENABLE_OBJC_WEAK = YES;
				CLANG_WARN_BLOCK_CAPTURE_AUTORELEASING = YES;
				CLANG_WARN_BOOL_CONVERSION = YES;
				CLANG_WARN_COMMA = YES;
				CLANG_WARN_CONSTANT_CONVERSION = YES;
				CLANG_WARN_DEPRECATED_OBJC_IMPLEMENTATIONS = YES;
				CLANG_WARN_DIRECT_OBJC_ISA_USAGE = YES_ERROR;
				CLANG_WARN_DOCUMENTATION_COMMENTS = YES;
				CLANG_WARN_EMPTY_BODY = YES;
				CLANG_WARN_ENUM_CONVERSION = YES;
				CLANG_WARN_INFINITE_RECURSION = YES;
				CLANG_WARN_INT_CONVERSION = YES;
				CLANG_WARN_NON_LITERAL_NULL_CONVERSION = YES;
				CLANG_WARN_OBJC_IMPLICIT_RETAIN_SELF = YES;
				CLANG_WARN_OBJC_LITERAL_CONVERSION = YES;
				CLANG_WARN_OBJC_ROOT_CLASS = YES_ERROR;
				CLANG_WARN_RANGE_LOOP_ANALYSIS = YES;
				CLANG_WARN_STRICT_PROTOTYPES = YES;
				CLANG_WARN_SUSPICIOUS_MOVE = YES;
				CLANG_WARN_UNGUARDED_AVAILABILITY = YES_AGGRESSIVE;
				CLANG_WARN_UNREACHABLE_CODE = YES;
				CLANG_WARN__DUPLICATE_METHOD_MATCH = YES;
				COPY_PHASE_STRIP = NO;
				DEBUG_INFORMATION_FORMAT = dwarf;
				ENABLE_STRICT_OBJC_MSGSEND = YES;
				ENABLE_TESTABILITY = YES;
				GCC_C_LANGUAGE_STANDARD = gnu11;
				GCC_DYNAMIC_NO_PIC = NO;
				GCC_NO_COMMON_BLOCKS = YES;
				GCC_OPTIMIZATION_LEVEL = 0;
				GCC_PREPROCESSOR_DEFINITIONS = (
					"DEBUG=1",
					"$(inherited)",
				);
				GCC_WARN_64_TO_32_BIT_CONVERSION = YES;
				GCC_WARN_ABOUT_RETURN_TYPE = YES_ERROR;
				GCC_WARN_UNDECLARED_SELECTOR = YES;
				GCC_WARN_UNINITIALIZED_AUTOS = YES_AGGRESSIVE;
				GCC_WARN_UNUSED_FUNCTION = YES;
				GCC_WARN_UNUSED_VARIABLE = YES;
				IPHONEOS_DEPLOYMENT_TARGET = 13.7;
				MTL_ENABLE_DEBUG_INFO = INCLUDE_SOURCE;
				MTL_FAST_MATH = YES;
				ONLY_ACTIVE_ARCH = YES;
				SDKROOT = iphoneos;
				SWIFT_ACTIVE_COMPILATION_CONDITIONS = DEBUG;
				SWIFT_OPTIMIZATION_LEVEL = "-Onone";
			};
			name = Debug;
		};
		EC6962E92513EFC100FED7B2 /* Release */ = {
			isa = XCBuildConfiguration;
			buildSettings = {
				ALWAYS_SEARCH_USER_PATHS = NO;
				CLANG_ANALYZER_NONNULL = YES;
				CLANG_ANALYZER_NUMBER_OBJECT_CONVERSION = YES_AGGRESSIVE;
				CLANG_CXX_LANGUAGE_STANDARD = "gnu++14";
				CLANG_CXX_LIBRARY = "libc++";
				CLANG_ENABLE_MODULES = YES;
				CLANG_ENABLE_OBJC_ARC = YES;
				CLANG_ENABLE_OBJC_WEAK = YES;
				CLANG_WARN_BLOCK_CAPTURE_AUTORELEASING = YES;
				CLANG_WARN_BOOL_CONVERSION = YES;
				CLANG_WARN_COMMA = YES;
				CLANG_WARN_CONSTANT_CONVERSION = YES;
				CLANG_WARN_DEPRECATED_OBJC_IMPLEMENTATIONS = YES;
				CLANG_WARN_DIRECT_OBJC_ISA_USAGE = YES_ERROR;
				CLANG_WARN_DOCUMENTATION_COMMENTS = YES;
				CLANG_WARN_EMPTY_BODY = YES;
				CLANG_WARN_ENUM_CONVERSION = YES;
				CLANG_WARN_INFINITE_RECURSION = YES;
				CLANG_WARN_INT_CONVERSION = YES;
				CLANG_WARN_NON_LITERAL_NULL_CONVERSION = YES;
				CLANG_WARN_OBJC_IMPLICIT_RETAIN_SELF = YES;
				CLANG_WARN_OBJC_LITERAL_CONVERSION = YES;
				CLANG_WARN_OBJC_ROOT_CLASS = YES_ERROR;
				CLANG_WARN_RANGE_LOOP_ANALYSIS = YES;
				CLANG_WARN_STRICT_PROTOTYPES = YES;
				CLANG_WARN_SUSPICIOUS_MOVE = YES;
				CLANG_WARN_UNGUARDED_AVAILABILITY = YES_AGGRESSIVE;
				CLANG_WARN_UNREACHABLE_CODE = YES;
				CLANG_WARN__DUPLICATE_METHOD_MATCH = YES;
				COPY_PHASE_STRIP = NO;
				DEBUG_INFORMATION_FORMAT = "dwarf-with-dsym";
				ENABLE_NS_ASSERTIONS = NO;
				ENABLE_STRICT_OBJC_MSGSEND = YES;
				GCC_C_LANGUAGE_STANDARD = gnu11;
				GCC_NO_COMMON_BLOCKS = YES;
				GCC_WARN_64_TO_32_BIT_CONVERSION = YES;
				GCC_WARN_ABOUT_RETURN_TYPE = YES_ERROR;
				GCC_WARN_UNDECLARED_SELECTOR = YES;
				GCC_WARN_UNINITIALIZED_AUTOS = YES_AGGRESSIVE;
				GCC_WARN_UNUSED_FUNCTION = YES;
				GCC_WARN_UNUSED_VARIABLE = YES;
				IPHONEOS_DEPLOYMENT_TARGET = 13.7;
				MTL_ENABLE_DEBUG_INFO = NO;
				MTL_FAST_MATH = YES;
				SDKROOT = iphoneos;
				SWIFT_COMPILATION_MODE = wholemodule;
				SWIFT_OPTIMIZATION_LEVEL = "-O";
				VALIDATE_PRODUCT = YES;
			};
			name = Release;
		};
		EC6962EB2513EFC100FED7B2 /* Debug */ = {
			isa = XCBuildConfiguration;
			buildSettings = {
				ASSETCATALOG_COMPILER_APPICON_NAME = AppIcon;
				CODE_SIGN_STYLE = Automatic;
				DEVELOPMENT_TEAM = AAYNDW4TM8;
				INFOPLIST_FILE = Tutorial1_Chamariq_Elias/Info.plist;
				LD_RUNPATH_SEARCH_PATHS = (
					"$(inherited)",
					"@executable_path/Frameworks",
				);
				PRODUCT_BUNDLE_IDENTIFIER = "com.195.Tutorial1-Chamariq-Elias";
				PRODUCT_NAME = "$(TARGET_NAME)";
				SWIFT_VERSION = 5.0;
				TARGETED_DEVICE_FAMILY = "1,2";
			};
			name = Debug;
		};
		EC6962EC2513EFC100FED7B2 /* Release */ = {
			isa = XCBuildConfiguration;
			buildSettings = {
				ASSETCATALOG_COMPILER_APPICON_NAME = AppIcon;
				CODE_SIGN_STYLE = Automatic;
				DEVELOPMENT_TEAM = AAYNDW4TM8;
				INFOPLIST_FILE = Tutorial1_Chamariq_Elias/Info.plist;
				LD_RUNPATH_SEARCH_PATHS = (
					"$(inherited)",
					"@executable_path/Frameworks",
				);
				PRODUCT_BUNDLE_IDENTIFIER = "com.195.Tutorial1-Chamariq-Elias";
				PRODUCT_NAME = "$(TARGET_NAME)";
				SWIFT_VERSION = 5.0;
				TARGETED_DEVICE_FAMILY = "1,2";
			};
			name = Release;
		};
		EC6962EE2513EFC100FED7B2 /* Debug */ = {
			isa = XCBuildConfiguration;
			buildSettings = {
				ALWAYS_EMBED_SWIFT_STANDARD_LIBRARIES = YES;
				BUNDLE_LOADER = "$(TEST_HOST)";
				CODE_SIGN_STYLE = Automatic;
				DEVELOPMENT_TEAM = AAYNDW4TM8;
				INFOPLIST_FILE = Tutorial1_Chamariq_EliasTests/Info.plist;
				IPHONEOS_DEPLOYMENT_TARGET = 13.7;
				LD_RUNPATH_SEARCH_PATHS = (
					"$(inherited)",
					"@executable_path/Frameworks",
					"@loader_path/Frameworks",
				);
				PRODUCT_BUNDLE_IDENTIFIER = "com.195.Tutorial1-Chamariq-EliasTests";
				PRODUCT_NAME = "$(TARGET_NAME)";
				SWIFT_VERSION = 5.0;
				TARGETED_DEVICE_FAMILY = "1,2";
				TEST_HOST = "$(BUILT_PRODUCTS_DIR)/Tutorial1_Chamariq_Elias.app/Tutorial1_Chamariq_Elias";
			};
			name = Debug;
		};
		EC6962EF2513EFC100FED7B2 /* Release */ = {
			isa = XCBuildConfiguration;
			buildSettings = {
				ALWAYS_EMBED_SWIFT_STANDARD_LIBRARIES = YES;
				BUNDLE_LOADER = "$(TEST_HOST)";
				CODE_SIGN_STYLE = Automatic;
				DEVELOPMENT_TEAM = AAYNDW4TM8;
				INFOPLIST_FILE = Tutorial1_Chamariq_EliasTests/Info.plist;
				IPHONEOS_DEPLOYMENT_TARGET = 13.7;
				LD_RUNPATH_SEARCH_PATHS = (
					"$(inherited)",
					"@executable_path/Frameworks",
					"@loader_path/Frameworks",
				);
				PRODUCT_BUNDLE_IDENTIFIER = "com.195.Tutorial1-Chamariq-EliasTests";
				PRODUCT_NAME = "$(TARGET_NAME)";
				SWIFT_VERSION = 5.0;
				TARGETED_DEVICE_FAMILY = "1,2";
				TEST_HOST = "$(BUILT_PRODUCTS_DIR)/Tutorial1_Chamariq_Elias.app/Tutorial1_Chamariq_Elias";
			};
			name = Release;
		};
		EC6962F12513EFC100FED7B2 /* Debug */ = {
			isa = XCBuildConfiguration;
			buildSettings = {
				ALWAYS_EMBED_SWIFT_STANDARD_LIBRARIES = YES;
				CODE_SIGN_STYLE = Automatic;
				DEVELOPMENT_TEAM = AAYNDW4TM8;
				INFOPLIST_FILE = Tutorial1_Chamariq_EliasUITests/Info.plist;
				LD_RUNPATH_SEARCH_PATHS = (
					"$(inherited)",
					"@executable_path/Frameworks",
					"@loader_path/Frameworks",
				);
				PRODUCT_BUNDLE_IDENTIFIER = "com.195.Tutorial1-Chamariq-EliasUITests";
				PRODUCT_NAME = "$(TARGET_NAME)";
				SWIFT_VERSION = 5.0;
				TARGETED_DEVICE_FAMILY = "1,2";
				TEST_TARGET_NAME = Tutorial1_Chamariq_Elias;
			};
			name = Debug;
		};
		EC6962F22513EFC100FED7B2 /* Release */ = {
			isa = XCBuildConfiguration;
			buildSettings = {
				ALWAYS_EMBED_SWIFT_STANDARD_LIBRARIES = YES;
				CODE_SIGN_STYLE = Automatic;
				DEVELOPMENT_TEAM = AAYNDW4TM8;
				INFOPLIST_FILE = Tutorial1_Chamariq_EliasUITests/Info.plist;
				LD_RUNPATH_SEARCH_PATHS = (
					"$(inherited)",
					"@executable_path/Frameworks",
					"@loader_path/Frameworks",
				);
				PRODUCT_BUNDLE_IDENTIFIER = "com.195.Tutorial1-Chamariq-EliasUITests";
				PRODUCT_NAME = "$(TARGET_NAME)";
				SWIFT_VERSION = 5.0;
				TARGETED_DEVICE_FAMILY = "1,2";
				TEST_TARGET_NAME = Tutorial1_Chamariq_Elias;
			};
			name = Release;
		};
/* End XCBuildConfiguration section */

/* Begin XCConfigurationList section */
		EC6962BB2513EFBF00FED7B2 /* Build configuration list for PBXProject "Tutorial1_Chamariq_Elias" */ = {
			isa = XCConfigurationList;
			buildConfigurations = (
				EC6962E82513EFC100FED7B2 /* Debug */,
				EC6962E92513EFC100FED7B2 /* Release */,
			);
			defaultConfigurationIsVisible = 0;
			defaultConfigurationName = Release;
		};
		EC6962EA2513EFC100FED7B2 /* Build configuration list for PBXNativeTarget "Tutorial1_Chamariq_Elias" */ = {
			isa = XCConfigurationList;
			buildConfigurations = (
				EC6962EB2513EFC100FED7B2 /* Debug */,
				EC6962EC2513EFC100FED7B2 /* Release */,
			);
			defaultConfigurationIsVisible = 0;
			defaultConfigurationName = Release;
		};
		EC6962ED2513EFC100FED7B2 /* Build configuration list for PBXNativeTarget "Tutorial1_Chamariq_EliasTests" */ = {
			isa = XCConfigurationList;
			buildConfigurations = (
				EC6962EE2513EFC100FED7B2 /* Debug */,
				EC6962EF2513EFC100FED7B2 /* Release */,
			);
			defaultConfigurationIsVisible = 0;
			defaultConfigurationName = Release;
		};
		EC6962F02513EFC100FED7B2 /* Build configuration list for PBXNativeTarget "Tutorial1_Chamariq_EliasUITests" */ = {
			isa = XCConfigurationList;
			buildConfigurations = (
				EC6962F12513EFC100FED7B2 /* Debug */,
				EC6962F22513EFC100FED7B2 /* Release */,
			);
			defaultConfigurationIsVisible = 0;
			defaultConfigurationName = Release;
		};
/* End XCConfigurationList section */
	};
	rootObject = EC6962B82513EFBF00FED7B2 /* Project object */;
}
